
Microsoft Visual Studio Solution File, Format Version 12.00
# Visual Studio Version 16
VisualStudioVersion = 16.0.31624.102
MinimumVisualStudioVersion = 10.0.40219.1
Project("{FAE04EC0-301F-11D3-BF4B-00C04F79EFBC}") = "PwnAdventure3Hacks", "PwnAdventure3Hacks.csproj", "{489FAB0A-A073-4A12-AEB8-006496DE1206}"
EndProject
Global
	GlobalSection(SolutionConfigurationPlatforms) = preSolution
		Debug|Any CPU = Debug|Any CPU
		Release|Any CPU = Release|Any CPU
	EndGlobalSection
	GlobalSection(ProjectConfigurationPlatforms) = postSolution
		{489FAB0A-A073-4A12-AEB8-006496DE1206}.Debug|Any CPU.ActiveCfg = Debug|Any CPU
		{489FAB0A-A073-4A12-AEB8-006496DE1206}.Debug|Any CPU.Build.0 = Debug|Any CPU
		{489FAB0A-A073-4A12-AEB8-006496DE1206}.Release|Any CPU.ActiveCfg = Release|Any CPU
		{489FAB0A-A073-4A12-AEB8-006496DE1206}.Release|Any CPU.Build.0 = Release|Any CPU
	EndGlobalSection
	GlobalSection(SolutionProperties) = preSolution
		HideSolutionNode = FALSE
	EndGlobalSection
	GlobalSection(ExtensibilityGlobals) = postSolution
		SolutionGuid = {FECA8076-910E-462C-83D2-74E862005920}
	EndGlobalSection
EndGlobal
